github.com/KiritoNya/gotaku v0.9.5 h1:4LvZdC89XN7ShdSdMBENXH8ITZq4GW2w4hO/Gz6Hwfc=
github.com/KiritoNya/gotaku v0.9.5/go.mod h1:QNrL6cQIQXKR8/b6DHg0j0LqmzIpeY8aov4l+uHLS8c=
github.com/KiritoNya/gotaku v0.9.8 h1:6AlajFYCHCbalfPrj5rRYMN+UHM94dmwbMRkDLIlOXo=
github.com/KiritoNya/gotaku v0.9.8/go.mod h1:QNrL6cQIQXKR8/b6DHg0j0LqmzIpeY8aov4l+uHLS8c=
github.com/KiritoNya/gotaku v0.9.9 h1:40/Vy8LSg55YuUSGcSmDPQg2BMLeR++Laus2PDtws8o=
github.com/KiritoNya/gotaku v0.9.9/go.mod h1:QNrL6cQIQXKR8/b6DHg0j0LqmzIpeY8aov4l+uHLS8c=
github.com/KiritoNya/gotaku v0.9.10 h1:HSIFeLCNDkwvtb/Hu/KSTpnRbTYqeYz9ET3+bcLXI5U=
github.com/KiritoNya/gotaku v0.9.10/go.mod h1:QNrL6cQIQXKR8/b6DHg0j0LqmzIpeY8aov4l+uHLS8c=
github.com/KiritoNya/gotaku v0.9.12 h1:ehy9B3PaEdPJU4e8O/Qvd4zNNax14B59ZgbdFbBY06k=
github.com/KiritoNya/gotaku v0.9.12/go.mod h1:QNrL6cQIQXKR8/b6DHg0j0LqmzIpeY8aov4l+uHLS8c=
github.com/KiritoNya/gotaku v0.9.13 h1:tqgIR8LsJgaF5lavMpHpzsRc+LiX8YH7nPRpb1BFMzM=
github.com/KiritoNya/gotaku v0.9.13/go.mod h1:QNrL6cQIQXKR8/b6DHg0j0LqmzIpeY8aov4l+uHLS8c=
github.com/KiritoNya/gotaku v0.9.14 h1:CyLkOoAmONjm6kQsmltpXN5B+PuBR/vOy0vBS6RamZ4=
github.com/KiritoNya/gotaku v0.9.14/go.mod h1:QNrL6cQIQXKR8/b6DHg0j0LqmzIpeY8aov4l+uHLS8c=
github.com/KiritoNya/gotaku/image v0.0.0-20211217234050-fdd3d099dfd1 h1:vbG/6lOIGOD24P+7xrCS1vuoB4h9AhEWa+pzMINHDbk=
github.com/KiritoNya/gotaku/image v0.0.0-20211217234050-fdd3d099dfd1/go.mod h1:1lAQBFfBZwC/Y3M3jkEflFDxO0rnnwuf1F/Con0sevU=
github.com/KiritoNya/gotaku/image v0.0.0-20211218004526-00bea8559e0c h1:Co1lw5HA7HQ0WLqa/X3muLju84RyJHb44QFDJi1VJM8=
github.com/KiritoNya/gotaku/image v0.0.0-20211218004526-00bea8559e0c/go.mod h1:1lAQBFfBZwC/Y3M3jkEflFDxO0rnnwuf1F/Con0sevU=
github.com/KiritoNya/gotaku/image v0.0.0-20211227162456-d2f26176dbb9 h1:KqqzQDkfabrQbv/K14izdVeYu4RgSQMAYPJbgPqd9dw=
github.com/KiritoNya/gotaku/image v0.0.0-20211227162456-d2f26176dbb9/go.mod h1:1lAQBFfBZwC/Y3M3jkEflFDxO0rnnwuf1F/Con0sevU=
github.com/KiritoNya/gotaku/manga v0.0.0-20211217234050-fdd3d099dfd1 h1:rfgRHTsVomfqyWiIeBPUD9t3e0seoM/YlhjElxc/Z1s=
github.com/KiritoNya/gotaku/manga v0.0.0-20211217234050-fdd3d099dfd1/go.mod h1:poCZbMp2l/agEJrbFMaW+mpBhmsU8GcDCEfOk+lJSro=
github.com/KiritoNya/gotaku/manga v0.0.0-20211227162456-d2f26176dbb9 h1:xd0iftvt1cuGsK0q7Vnv7+AHqgEC2Z6zW0hpiFFFqAU=
github.com/KiritoNya/gotaku/manga v0.0.0-20211227162456-d2f26176dbb9/go.mod h1:dPrtCYVmrS+R+sk6Nan1fzMHQFxz8DU7imAVnrbpR/c=
github.com/KiritoNya/gotaku/manga v0.0.0-20211228182338-29f9c3af2580 h1:eLsMoDZI1L3PybAlG6N6waERo+D4h4SIcVHY+HPut3g=
github.com/KiritoNya/gotaku/manga v0.0.0-20211228182338-29f9c3af2580/go.mod h1:dPrtCYVmrS+R+sk6Nan1fzMHQFxz8DU7imAVnrbpR/c=
github.com/KiritoNya/gotaku/manga v0.0.0-20211228184549-3a13aa8c7b1a h1:HvnAXeJkRWOGtNojK71Bf1XcEg0Gn1ej+MTojlUwkRM=
github.com/KiritoNya/gotaku/manga v0.0.0-20211228184549-3a13aa8c7b1a/go.mod h1:dPrtCYVmrS+R+sk6Nan1fzMHQFxz8DU7imAVnrbpR/c=
github.com/PuerkitoBio/goquery v1.8.0 h1:PJTF7AmFCFKk1N6V6jmKfrNH9tV5pNE6lZMkG0gta/U=
github.com/PuerkitoBio/goquery v1.8.0/go.mod h1:ypIiRMtY7COPGk+I/YbZLbxsxn9g5ejnI2HSMtkjZvI=
github.com/andybalholm/cascadia v1.3.1 h1:nhxRkql1kdYCc8Snf7D5/D3spOX+dBgjA6u8x004T2c=
github.com/andybalholm/cascadia v1.3.1/go.mod h1:R4bJ1UQfqADjvDa4P6HZHLh/3OxWWEqc0Sk8XGwHqvA=
golang.org/x/net v0.0.0-20210916014120-12bc252f5db8 h1:/6y1LfuqNuQdHAm0jjtPtgRcxIxjVZgm5OTu8/QhZvk=
golang.org/x/net v0.0.0-20210916014120-12bc252f5db8/go.mod h1:9nx3DQGgdP8bBQD5qxJ1jj9UTztislL4KSBs9R2vV5Y=
golang.org/x/sys v0.0.0-20201119102817-f84b799fce68/go.mod h1:h1NjWce9XRLGQEsW7wpKNCjG9DtNlClVuFLEZdDNbEs=
golang.org/x/sys v0.0.0-20210423082822-04245dca01da/go.mod h1:h1NjWce9XRLGQEsW7wpKNCjG9DtNlClVuFLEZdDNbEs=
golang.org/x/term v0.0.0-20201126162022-7de9c90e9dd1/go.mod h1:bj7SfCRtBDWHUb9snDiAeCFNEtKQo2Wmx5Cou7ajbmo=
golang.org/x/text v0.3.6/go.mod h1:5Zoc/QRtKVWzQhOtBMvqHzDpF6irO9z98xDceosuGiQ=
golang.org/x/tools v0.0.0-20180917221912-90fa682c2a6e/go.mod h1:n7NCudcB/nEzxVGmLbDWY5pfWTLqBcC2KZ6jyYvM4mQ=
